# This file is automatically @generated by Cargo.
# It is not intended for manual editing.
version = 3

[[package]]
name = "oswam-cli"
version = "0.1.0"
dependencies = [
 "oswam-core",
 "oswam-tui",
]

[[package]]
name = "oswam-core"
version = "0.1.0"

[[package]]
name = "oswam-tui"
version = "0.1.0"
dependencies = [
 "oswam-core",
]
